// !$*UTF8*$!
{
	archiveVersion = 1;
	classes = {
	};
	objectVersion = 46;
	objects = {

/* Begin PBXBuildFile section */
		559C3C3315BB2BB800C913B9 /* UIKit.framework in Frameworks */ = {isa = PBXBuildFile; fileRef = 559C3C3215BB2BB800C913B9 /* UIKit.framework */; };
		559C3C3515BB2BB800C913B9 /* Foundation.framework in Frameworks */ = {isa = PBXBuildFile; fileRef = 559C3C3415BB2BB800C913B9 /* Foundation.framework */; };
		559C3C3715BB2BB800C913B9 /* CoreGraphics.framework in Frameworks */ = {isa = PBXBuildFile; fileRef = 559C3C3615BB2BB800C913B9 /* CoreGraphics.framework */; };
		559C3C3D15BB2BB800C913B9 /* InfoPlist.strings in Resources */ = {isa = PBXBuildFile; fileRef = 559C3C3B15BB2BB800C913B9 /* InfoPlist.strings */; };
		559C3C3F15BB2BB800C913B9 /* main.m in Sources */ = {isa = PBXBuildFile; fileRef = 559C3C3E15BB2BB800C913B9 /* main.m */; };
		559C3C4315BB2BB800C913B9 /* AppDelegate.m in Sources */ = {isa = PBXBuildFile; fileRef = 559C3C4215BB2BB800C913B9 /* AppDelegate.m */; };
		559C3C4615BB2BB800C913B9 /* MainStoryboard.storyboard in Resources */ = {isa = PBXBuildFile; fileRef = 559C3C4415BB2BB800C913B9 /* MainStoryboard.storyboard */; };
		559C3C4915BB2BB800C913B9 /* ViewController.m in Sources */ = {isa = PBXBuildFile; fileRef = 559C3C4815BB2BB800C913B9 /* ViewController.m */; };
/* End PBXBuildFile section */

/* Begin PBXFileReference section */
		559C3C2E15BB2BB800C913B9 /* FBump.app */ = {isa = PBXFileReference; explicitFileType = wrapper.application; includeInIndex = 0; path = FBump.app; sourceTree = BUILT_PRODUCTS_DIR; };
		559C3C3215BB2BB800C913B9 /* UIKit.framework */ = {isa = PBXFileReference; lastKnownFileType = wrapper.framework; name = UIKit.framework; path = System/Library/Frameworks/UIKit.framework; sourceTree = SDKROOT; };
		559C3C3415BB2BB800C913B9 /* Foundation.framework */ = {isa = PBXFileReference; lastKnownFileType = wrapper.framework; name = Foundation.framework; path = System/Library/Frameworks/Foundation.framework; sourceTree = SDKROOT; };
		559C3C3615BB2BB800C913B9 /* CoreGraphics.framework */ = {isa = PBXFileReference; lastKnownFileType = wrapper.framework; name = CoreGraphics.framework; path = System/Library/Frameworks/CoreGraphics.framework; sourceTree = SDKROOT; };
		559C3C3A15BB2BB800C913B9 /* FBump-Info.plist */ = {isa = PBXFileReference; lastKnownFileType = text.plist.xml; path = "FBump-Info.plist"; sourceTree = "<group>"; };
		559C3C3C15BB2BB800C913B9 /* en */ = {isa = PBXFileReference; lastKnownFileType = text.plist.strings; name = en; path = en.lproj/InfoPlist.strings; sourceTree = "<group>"; };
		559C3C3E15BB2BB800C913B9 /* main.m */ = {isa = PBXFileReference; lastKnownFileType = sourcecode.c.objc; path = main.m; sourceTree = "<group>"; };
		559C3C4015BB2BB800C913B9 /* FBump-Prefix.pch */ = {isa = PBXFileReference; lastKnownFileType = sourcecode.c.h; path = "FBump-Prefix.pch"; sourceTree = "<group>"; };
		559C3C4115BB2BB800C913B9 /* AppDelegate.h */ = {isa = PBXFileReference; lastKnownFileType = sourcecode.c.h; path = AppDelegate.h; sourceTree = "<group>"; };
		559C3C4215BB2BB800C913B9 /* AppDelegate.m */ = {isa = PBXFileReference; lastKnownFileType = sourcecode.c.objc; path = AppDelegate.m; sourceTree = "<group>"; };
		559C3C4515BB2BB800C913B9 /* en */ = {isa = PBXFileReference; lastKnownFileType = file.storyboard; name = en; path = en.lproj/MainStoryboard.storyboard; sourceTree = "<group>"; };
		559C3C4715BB2BB800C913B9 /* ViewController.h */ = {isa = PBXFileReference; lastKnownFileType = sourcecode.c.h; path = ViewController.h; sourceTree = "<group>"; };
		559C3C4815BB2BB800C913B9 /* ViewController.m */ = {isa = PBXFileReference; lastKnownFileType = sourcecode.c.objc; path = ViewController.m; sourceTree = "<group>"; };
/* End PBXFileReference section */

/* Begin PBXFrameworksBuildPhase section */
		559C3C2B15BB2BB800C913B9 /* Frameworks */ = {
			isa = PBXFrameworksBuildPhase;
			buildActionMask = 2147483647;
			files = (
				559C3C3315BB2BB800C913B9 /* UIKit.framework in Frameworks */,
				559C3C3515BB2BB800C913B9 /* Foundation.framework in Frameworks */,
				559C3C3715BB2BB800C913B9 /* CoreGraphics.framework in Frameworks */,
			);
			runOnlyForDeploymentPostprocessing = 0;
		};
/* End PBXFrameworksBuildPhase section */

/* Begin PBXGroup section */
		559C3C2315BB2BB800C913B9 = {
			isa = PBXGroup;
			children = (
				559C3C3815BB2BB800C913B9 /* FBump */,
				559C3C3115BB2BB800C913B9 /* Frameworks */,
				559C3C2F15BB2BB800C913B9 /* Products */,
			);
			sourceTree = "<group>";
		};
		559C3C2F15BB2BB800C913B9 /* Products */ = {
			isa = PBXGroup;
			children = (
				559C3C2E15BB2BB800C913B9 /* FBump.app */,
			);
			name = Products;
			sourceTree = "<group>";
		};
		559C3C3115BB2BB800C913B9 /* Frameworks */ = {
			isa = PBXGroup;
			children = (
				559C3C3215BB2BB800C913B9 /* UIKit.framework */,
				559C3C3415BB2BB800C913B9 /* Foundation.framework */,
				559C3C3615BB2BB800C913B9 /* CoreGraphics.framework */,
			);
			name = Frameworks;
			sourceTree = "<group>";
		};
		559C3C3815BB2BB800C913B9 /* FBump */ = {
			isa = PBXGroup;
			children = (
				559C3C4115BB2BB800C913B9 /* AppDelegate.h */,
				559C3C4215BB2BB800C913B9 /* AppDelegate.m */,
				559C3C4415BB2BB800C913B9 /* MainStoryboard.storyboard */,
				559C3C4715BB2BB800C913B9 /* ViewController.h */,
				559C3C4815BB2BB800C913B9 /* ViewController.m */,
				559C3C3915BB2BB800C913B9 /* Supporting Files */,
			);
			path = FBump;
			sourceTree = "<group>";
		};
		559C3C3915BB2BB800C913B9 /* Supporting Files */ = {
			isa = PBXGroup;
			children = (
				559C3C3A15BB2BB800C913B9 /* FBump-Info.plist */,
				559C3C3B15BB2BB800C913B9 /* InfoPlist.strings */,
				559C3C3E15BB2BB800C913B9 /* main.m */,
				559C3C4015BB2BB800C913B9 /* FBump-Prefix.pch */,
			);
			name = "Supporting Files";
			sourceTree = "<group>";
		};
/* End PBXGroup section */

/* Begin PBXNativeTarget section */
		559C3C2D15BB2BB800C913B9 /* FBump */ = {
			isa = PBXNativeTarget;
			buildConfigurationList = 559C3C4C15BB2BB800C913B9 /* Build configuration list for PBXNativeTarget "FBump" */;
			buildPhases = (
				559C3C2A15BB2BB800C913B9 /* Sources */,
				559C3C2B15BB2BB800C913B9 /* Frameworks */,
				559C3C2C15BB2BB800C913B9 /* Resources */,
			);
			buildRules = (
			);
			dependencies = (
			);
			name = FBump;
			productName = FBump;
			productReference = 559C3C2E15BB2BB800C913B9 /* FBump.app */;
			productType = "com.apple.product-type.application";
		};
/* End PBXNativeTarget section */

/* Begin PBXProject section */
		559C3C2515BB2BB800C913B9 /* Project object */ = {
			isa = PBXProject;
			attributes = {
				LastUpgradeCheck = 0430;
				ORGANIZATIONNAME = "Kent State University";
			};
			buildConfigurationList = 559C3C2815BB2BB800C913B9 /* Build configuration list for PBXProject "FBump" */;
			compatibilityVersion = "Xcode 3.2";
			developmentRegion = English;
			hasScannedForEncodings = 0;
			knownRegions = (
				en,
			);
			mainGroup = 559C3C2315BB2BB800C913B9;
			productRefGroup = 559C3C2F15BB2BB800C913B9 /* Products */;
			projectDirPath = "";
			projectRoot = "";
			targets = (
				559C3C2D15BB2BB800C913B9 /* FBump */,
			);
		};
/* End PBXProject section */

/* Begin PBXResourcesBuildPhase section */
		559C3C2C15BB2BB800C913B9 /* Resources */ = {
			isa = PBXResourcesBuildPhase;
			buildActionMask = 2147483647;
			files = (
				559C3C3D15BB2BB800C913B9 /* InfoPlist.strings in Resources */,
				559C3C4615BB2BB800C913B9 /* MainStoryboard.storyboard in Resources */,
			);
			runOnlyForDeploymentPostprocessing = 0;
		};
/* End PBXResourcesBuildPhase section */

/* Begin PBXSourcesBuildPhase section */
		559C3C2A15BB2BB800C913B9 /* Sources */ = {
			isa = PBXSourcesBuildPhase;
			buildActionMask = 2147483647;
			files = (
				559C3C3F15BB2BB800C913B9 /* main.m in Sources */,
				559C3C4315BB2BB800C913B9 /* AppDelegate.m in Sources */,
				559C3C4915BB2BB800C913B9 /* ViewController.m in Sources */,
			);
			runOnlyForDeploymentPostprocessing = 0;
		};
/* End PBXSourcesBuildPhase section */

/* Begin PBXVariantGroup section */
		559C3C3B15BB2BB800C913B9 /* InfoPlist.strings */ = {
			isa = PBXVariantGroup;
			children = (
				559C3C3C15BB2BB800C913B9 /* en */,
			);
			name = InfoPlist.strings;
			sourceTree = "<group>";
		};
		559C3C4415BB2BB800C913B9 /* MainStoryboard.storyboard */ = {
			isa = PBXVariantGroup;
			children = (
				559C3C4515BB2BB800C913B9 /* en */,
			);
			name = MainStoryboard.storyboard;
			sourceTree = "<group>";
		};
/* End PBXVariantGroup section */

/* Begin XCBuildConfiguration section */
		559C3C4A15BB2BB800C913B9 /* Debug */ = {
			isa = XCBuildConfiguration;
			buildSettings = {
				ALWAYS_SEARCH_USER_PATHS = NO;
				ARCHS = "$(ARCHS_STANDARD_32_BIT)";
				CLANG_ENABLE_OBJC_ARC = YES;
				"CODE_SIGN_IDENTITY[sdk=iphoneos*]" = "iPhone Developer";
				COPY_PHASE_STRIP = NO;
				GCC_C_LANGUAGE_STANDARD = gnu99;
				GCC_DYNAMIC_NO_PIC = NO;
				GCC_OPTIMIZATION_LEVEL = 0;
				GCC_PREPROCESSOR_DEFINITIONS = (
					"DEBUG=1",
					"$(inherited)",
				);
				GCC_SYMBOLS_PRIVATE_EXTERN = NO;
				GCC_VERSION = com.apple.compilers.llvm.clang.1_0;
				GCC_WARN_ABOUT_RETURN_TYPE = YES;
				GCC_WARN_UNINITIALIZED_AUTOS = YES;
				GCC_WARN_UNUSED_VARIABLE = YES;
				IPHONEOS_DEPLOYMENT_TARGET = 5.1;
				SDKROOT = iphoneos;
			};
			name = Debug;
		};
		559C3C4B15BB2BB800C913B9 /* Release */ = {
			isa = XCBuildConfiguration;
			buildSettings = {
				ALWAYS_SEARCH_USER_PATHS = NO;
				ARCHS = "$(ARCHS_STANDARD_32_BIT)";
				CLANG_ENABLE_OBJC_ARC = YES;
				"CODE_SIGN_IDENTITY[sdk=iphoneos*]" = "iPhone Developer";
				COPY_PHASE_STRIP = YES;
				GCC_C_LANGUAGE_STANDARD = gnu99;
				GCC_VERSION = com.apple.compilers.llvm.clang.1_0;
				GCC_WARN_ABOUT_RETURN_TYPE = YES;
				GCC_WARN_UNINITIALIZED_AUTOS = YES;
				GCC_WARN_UNUSED_VARIABLE = YES;
				IPHONEOS_DEPLOYMENT_TARGET = 5.1;
				OTHER_CFLAGS = "-DNS_BLOCK_ASSERTIONS=1";
				SDKROOT = iphoneos;
				VALIDATE_PRODUCT = YES;
			};
			name = Release;
		};
		559C3C4D15BB2BB800C913B9 /* Debug */ = {
			isa = XCBuildConfiguration;
			buildSettings = {
				GCC_PRECOMPILE_PREFIX_HEADER = YES;
				GCC_PREFIX_HEADER = "FBump/FBump-Prefix.pch";
				INFOPLIST_FILE = "FBump/FBump-Info.plist";
				PRODUCT_NAME = "$(TARGET_NAME)";
				WRAPPER_EXTENSION = app;
			};
			name = Debug;
		};
		559C3C4E15BB2BB800C913B9 /* Release */ = {
			isa = XCBuildConfiguration;
			buildSettings = {
				GCC_PRECOMPILE_PREFIX_HEADER = YES;
				GCC_PREFIX_HEADER = "FBump/FBump-Prefix.pch";
				INFOPLIST_FILE = "FBump/FBump-Info.plist";
				PRODUCT_NAME = "$(TARGET_NAME)";
				WRAPPER_EXTENSION = app;
			};
			name = Release;
		};
/* End XCBuildConfiguration section */

/* Begin XCConfigurationList section */
		559C3C2815BB2BB800C913B9 /* Build configuration list for PBXProject "FBump" */ = {
			isa = XCConfigurationList;
			buildConfigurations = (
				559C3C4A15BB2BB800C913B9 /* Debug */,
				559C3C4B15BB2BB800C913B9 /* Release */,
			);
			defaultConfigurationIsVisible = 0;
			defaultConfigurationName = Release;
		};
		559C3C4C15BB2BB800C913B9 /* Build configuration list for PBXNativeTarget "FBump" */ = {
			isa = XCConfigurationList;
			buildConfigurations = (
				559C3C4D15BB2BB800C913B9 /* Debug */,
				559C3C4E15BB2BB800C913B9 /* Release */,
			);
			defaultConfigurationIsVisible = 0;
		};
/* End XCConfigurationList section */
	};
	rootObject = 559C3C2515BB2BB800C913B9 /* Project object */;
}
